
Microsoft Visual Studio Solution File, Format Version 12.00
# Visual Studio Version 18
VisualStudioVersion = 18.2.11415.280
MinimumVisualStudioVersion = 10.0.40219.1
Project("{FAE04EC0-301F-11D3-BF4B-00C04F79EFBC}") = "PostTrade.Domain", "src\Core\PostTrade.Domain\PostTrade.Domain.csproj", "{06FC42F8-1E06-4A65-95EB-C64B63C904CE}"
EndProject
Project("{FAE04EC0-301F-11D3-BF4B-00C04F79EFBC}") = "PostTrade.Application", "src\Core\PostTrade.Application\PostTrade.Application.csproj", "{6CDCF5EC-F15F-4EC7-A6A8-AF081B20EF9A}"
EndProject
Project("{FAE04EC0-301F-11D3-BF4B-00C04F79EFBC}") = "PostTrade.Infrastructure", "src\Infrastructure\PostTrade.Infrastructure\PostTrade.Infrastructure.csproj", "{29B178E5-59A8-426B-A8D1-5919BF9A2DC7}"
EndProject
Project("{FAE04EC0-301F-11D3-BF4B-00C04F79EFBC}") = "PostTrade.Persistence", "src\Infrastructure\PostTrade.Persistence\PostTrade.Persistence.csproj", "{E0CDE552-DB40-42DD-A0D4-B7128F9F2E19}"
EndProject
Project("{FAE04EC0-301F-11D3-BF4B-00C04F79EFBC}") = "PostTrade.API", "src\Presentation\PostTrade.API\PostTrade.API.csproj", "{3AC681F8-FD50-440E-8AB5-1C644E003A26}"
EndProject
Project("{2150E333-8FDC-42A3-9474-1A3956D46DE8}") = "tests", "tests", "{0AB3BF05-4346-4AA6-1389-037BE0695223}"
EndProject
Project("{FAE04EC0-301F-11D3-BF4B-00C04F79EFBC}") = "PostTrade.Tests", "tests\PostTrade.Tests\PostTrade.Tests.csproj", "{E059B22A-4AEE-4C32-B83D-665AB59767C5}"
EndProject
Project("{2150E333-8FDC-42A3-9474-1A3956D46DE8}") = "src", "src", "{827E0CD3-B72D-47B6-A68D-7590B98EB39B}"
EndProject
Project("{2150E333-8FDC-42A3-9474-1A3956D46DE8}") = "Core", "Core", "{8D626EA8-CB54-BC41-363A-217881BEBA6E}"
EndProject
Project("{FAE04EC0-301F-11D3-BF4B-00C04F79EFBC}") = "PostTrade.IntegrationTests", "tests\PostTrade.IntegrationTests\PostTrade.IntegrationTests.csproj", "{295DAFED-2D42-4962-89F5-D2861F8C9C3F}"
EndProject
Project("{2150E333-8FDC-42A3-9474-1A3956D46DE8}") = "Presentation", "Presentation", "{6996BBF7-DB31-59BC-C7DD-9A7CCC6138C4}"
EndProject
Global
	GlobalSection(SolutionConfigurationPlatforms) = preSolution
		Debug|Any CPU = Debug|Any CPU
		Debug|x64 = Debug|x64
		Debug|x86 = Debug|x86
		Release|Any CPU = Release|Any CPU
		Release|x64 = Release|x64
		Release|x86 = Release|x86
	EndGlobalSection
	GlobalSection(ProjectConfigurationPlatforms) = postSolution
		{06FC42F8-1E06-4A65-95EB-C64B63C904CE}.Debug|Any CPU.ActiveCfg = Debug|Any CPU
		{06FC42F8-1E06-4A65-95EB-C64B63C904CE}.Debug|Any CPU.Build.0 = Debug|Any CPU
		{06FC42F8-1E06-4A65-95EB-C64B63C904CE}.Debug|x64.ActiveCfg = Debug|Any CPU
		{06FC42F8-1E06-4A65-95EB-C64B63C904CE}.Debug|x64.Build.0 = Debug|Any CPU
		{06FC42F8-1E06-4A65-95EB-C64B63C904CE}.Debug|x86.ActiveCfg = Debug|Any CPU
		{06FC42F8-1E06-4A65-95EB-C64B63C904CE}.Debug|x86.Build.0 = Debug|Any CPU
		{06FC42F8-1E06-4A65-95EB-C64B63C904CE}.Release|Any CPU.ActiveCfg = Release|Any CPU
		{06FC42F8-1E06-4A65-95EB-C64B63C904CE}.Release|Any CPU.Build.0 = Release|Any CPU
		{06FC42F8-1E06-4A65-95EB-C64B63C904CE}.Release|x64.ActiveCfg = Release|Any CPU
		{06FC42F8-1E06-4A65-95EB-C64B63C904CE}.Release|x64.Build.0 = Release|Any CPU
		{06FC42F8-1E06-4A65-95EB-C64B63C904CE}.Release|x86.ActiveCfg = Release|Any CPU
		{06FC42F8-1E06-4A65-95EB-C64B63C904CE}.Release|x86.Build.0 = Release|Any CPU
		{6CDCF5EC-F15F-4EC7-A6A8-AF081B20EF9A}.Debug|Any CPU.ActiveCfg = Debug|Any CPU
		{6CDCF5EC-F15F-4EC7-A6A8-AF081B20EF9A}.Debug|Any CPU.Build.0 = Debug|Any CPU
		{6CDCF5EC-F15F-4EC7-A6A8-AF081B20EF9A}.Debug|x64.ActiveCfg = Debug|Any CPU
		{6CDCF5EC-F15F-4EC7-A6A8-AF081B20EF9A}.Debug|x64.Build.0 = Debug|Any CPU
		{6CDCF5EC-F15F-4EC7-A6A8-AF081B20EF9A}.Debug|x86.ActiveCfg = Debug|Any CPU
		{6CDCF5EC-F15F-4EC7-A6A8-AF081B20EF9A}.Debug|x86.Build.0 = Debug|Any CPU
		{6CDCF5EC-F15F-4EC7-A6A8-AF081B20EF9A}.Release|Any CPU.ActiveCfg = Release|Any CPU
		{6CDCF5EC-F15F-4EC7-A6A8-AF081B20EF9A}.Release|Any CPU.Build.0 = Release|Any CPU
		{6CDCF5EC-F15F-4EC7-A6A8-AF081B20EF9A}.Release|x64.ActiveCfg = Release|Any CPU
		{6CDCF5EC-F15F-4EC7-A6A8-AF081B20EF9A}.Release|x64.Build.0 = Release|Any CPU
		{6CDCF5EC-F15F-4EC7-A6A8-AF081B20EF9A}.Release|x86.ActiveCfg = Release|Any CPU
		{6CDCF5EC-F15F-4EC7-A6A8-AF081B20EF9A}.Release|x86.Build.0 = Release|Any CPU
		{29B178E5-59A8-426B-A8D1-5919BF9A2DC7}.Debug|Any CPU.ActiveCfg = Debug|Any CPU
		{29B178E5-59A8-426B-A8D1-5919BF9A2DC7}.Debug|Any CPU.Build.0 = Debug|Any CPU
		{29B178E5-59A8-426B-A8D1-5919BF9A2DC7}.Debug|x64.ActiveCfg = Debug|Any CPU
		{29B178E5-59A8-426B-A8D1-5919BF9A2DC7}.Debug|x64.Build.0 = Debug|Any CPU
		{29B178E5-59A8-426B-A8D1-5919BF9A2DC7}.Debug|x86.ActiveCfg = Debug|Any CPU
		{29B178E5-59A8-426B-A8D1-5919BF9A2DC7}.Debug|x86.Build.0 = Debug|Any CPU
		{29B178E5-59A8-426B-A8D1-5919BF9A2DC7}.Release|Any CPU.ActiveCfg = Release|Any CPU
		{29B178E5-59A8-426B-A8D1-5919BF9A2DC7}.Release|Any CPU.Build.0 = Release|Any CPU
		{29B178E5-59A8-426B-A8D1-5919BF9A2DC7}.Release|x64.ActiveCfg = Release|Any CPU
		{29B178E5-59A8-426B-A8D1-5919BF9A2DC7}.Release|x64.Build.0 = Release|Any CPU
		{29B178E5-59A8-426B-A8D1-5919BF9A2DC7}.Release|x86.ActiveCfg = Release|Any CPU
		{29B178E5-59A8-426B-A8D1-5919BF9A2DC7}.Release|x86.Build.0 = Release|Any CPU
		{E0CDE552-DB40-42DD-A0D4-B7128F9F2E19}.Debug|Any CPU.ActiveCfg = Debug|Any CPU
		{E0CDE552-DB40-42DD-A0D4-B7128F9F2E19}.Debug|Any CPU.Build.0 = Debug|Any CPU
		{E0CDE552-DB40-42DD-A0D4-B7128F9F2E19}.Debug|x64.ActiveCfg = Debug|Any CPU
		{E0CDE552-DB40-42DD-A0D4-B7128F9F2E19}.Debug|x64.Build.0 = Debug|Any CPU
		{E0CDE552-DB40-42DD-A0D4-B7128F9F2E19}.Debug|x86.ActiveCfg = Debug|Any CPU
		{E0CDE552-DB40-42DD-A0D4-B7128F9F2E19}.Debug|x86.Build.0 = Debug|Any CPU
		{E0CDE552-DB40-42DD-A0D4-B7128F9F2E19}.Release|Any CPU.ActiveCfg = Release|Any CPU
		{E0CDE552-DB40-42DD-A0D4-B7128F9F2E19}.Release|Any CPU.Build.0 = Release|Any CPU
		{E0CDE552-DB40-42DD-A0D4-B7128F9F2E19}.Release|x64.ActiveCfg = Release|Any CPU
		{E0CDE552-DB40-42DD-A0D4-B7128F9F2E19}.Release|x64.Build.0 = Release|Any CPU
		{E0CDE552-DB40-42DD-A0D4-B7128F9F2E19}.Release|x86.ActiveCfg = Release|Any CPU
		{E0CDE552-DB40-42DD-A0D4-B7128F9F2E19}.Release|x86.Build.0 = Release|Any CPU
		{3AC681F8-FD50-440E-8AB5-1C644E003A26}.Debug|Any CPU.ActiveCfg = Debug|Any CPU
		{3AC681F8-FD50-440E-8AB5-1C644E003A26}.Debug|Any CPU.Build.0 = Debug|Any CPU
		{3AC681F8-FD50-440E-8AB5-1C644E003A26}.Debug|x64.ActiveCfg = Debug|Any CPU
		{3AC681F8-FD50-440E-8AB5-1C644E003A26}.Debug|x64.Build.0 = Debug|Any CPU
		{3AC681F8-FD50-440E-8AB5-1C644E003A26}.Debug|x86.ActiveCfg = Debug|Any CPU
		{3AC681F8-FD50-440E-8AB5-1C644E003A26}.Debug|x86.Build.0 = Debug|Any CPU
		{3AC681F8-FD50-440E-8AB5-1C644E003A26}.Release|Any CPU.ActiveCfg = Release|Any CPU
		{3AC681F8-FD50-440E-8AB5-1C644E003A26}.Release|Any CPU.Build.0 = Release|Any CPU
		{3AC681F8-FD50-440E-8AB5-1C644E003A26}.Release|x64.ActiveCfg = Release|Any CPU
		{3AC681F8-FD50-440E-8AB5-1C644E003A26}.Release|x64.Build.0 = Release|Any CPU
		{3AC681F8-FD50-440E-8AB5-1C644E003A26}.Release|x86.ActiveCfg = Release|Any CPU
		{3AC681F8-FD50-440E-8AB5-1C644E003A26}.Release|x86.Build.0 = Release|Any CPU
		{E059B22A-4AEE-4C32-B83D-665AB59767C5}.Debug|Any CPU.ActiveCfg = Debug|Any CPU
		{E059B22A-4AEE-4C32-B83D-665AB59767C5}.Debug|Any CPU.Build.0 = Debug|Any CPU
		{E059B22A-4AEE-4C32-B83D-665AB59767C5}.Debug|x64.ActiveCfg = Debug|Any CPU
		{E059B22A-4AEE-4C32-B83D-665AB59767C5}.Debug|x64.Build.0 = Debug|Any CPU
		{E059B22A-4AEE-4C32-B83D-665AB59767C5}.Debug|x86.ActiveCfg = Debug|Any CPU
		{E059B22A-4AEE-4C32-B83D-665AB59767C5}.Debug|x86.Build.0 = Debug|Any CPU
		{E059B22A-4AEE-4C32-B83D-665AB59767C5}.Release|Any CPU.ActiveCfg = Release|Any CPU
		{E059B22A-4AEE-4C32-B83D-665AB59767C5}.Release|Any CPU.Build.0 = Release|Any CPU
		{E059B22A-4AEE-4C32-B83D-665AB59767C5}.Release|x64.ActiveCfg = Release|Any CPU
		{E059B22A-4AEE-4C32-B83D-665AB59767C5}.Release|x64.Build.0 = Release|Any CPU
		{E059B22A-4AEE-4C32-B83D-665AB59767C5}.Release|x86.ActiveCfg = Release|Any CPU
		{E059B22A-4AEE-4C32-B83D-665AB59767C5}.Release|x86.Build.0 = Release|Any CPU
		{295DAFED-2D42-4962-89F5-D2861F8C9C3F}.Debug|Any CPU.ActiveCfg = Debug|Any CPU
		{295DAFED-2D42-4962-89F5-D2861F8C9C3F}.Debug|Any CPU.Build.0 = Debug|Any CPU
		{295DAFED-2D42-4962-89F5-D2861F8C9C3F}.Debug|x64.ActiveCfg = Debug|Any CPU
		{295DAFED-2D42-4962-89F5-D2861F8C9C3F}.Debug|x64.Build.0 = Debug|Any CPU
		{295DAFED-2D42-4962-89F5-D2861F8C9C3F}.Debug|x86.ActiveCfg = Debug|Any CPU
		{295DAFED-2D42-4962-89F5-D2861F8C9C3F}.Debug|x86.Build.0 = Debug|Any CPU
		{295DAFED-2D42-4962-89F5-D2861F8C9C3F}.Release|Any CPU.ActiveCfg = Release|Any CPU
		{295DAFED-2D42-4962-89F5-D2861F8C9C3F}.Release|Any CPU.Build.0 = Release|Any CPU
		{295DAFED-2D42-4962-89F5-D2861F8C9C3F}.Release|x64.ActiveCfg = Release|Any CPU
		{295DAFED-2D42-4962-89F5-D2861F8C9C3F}.Release|x64.Build.0 = Release|Any CPU
		{295DAFED-2D42-4962-89F5-D2861F8C9C3F}.Release|x86.ActiveCfg = Release|Any CPU
		{295DAFED-2D42-4962-89F5-D2861F8C9C3F}.Release|x86.Build.0 = Release|Any CPU
	EndGlobalSection
	GlobalSection(SolutionProperties) = preSolution
		HideSolutionNode = FALSE
	EndGlobalSection
	GlobalSection(NestedProjects) = preSolution
		{E059B22A-4AEE-4C32-B83D-665AB59767C5} = {0AB3BF05-4346-4AA6-1389-037BE0695223}
		{8D626EA8-CB54-BC41-363A-217881BEBA6E} = {827E0CD3-B72D-47B6-A68D-7590B98EB39B}
		{295DAFED-2D42-4962-89F5-D2861F8C9C3F} = {0AB3BF05-4346-4AA6-1389-037BE0695223}
		{6996BBF7-DB31-59BC-C7DD-9A7CCC6138C4} = {827E0CD3-B72D-47B6-A68D-7590B98EB39B}
	EndGlobalSection
	GlobalSection(ExtensibilityGlobals) = postSolution
		SolutionGuid = {5990445D-F952-4E78-A256-E9402EDBBB02}
	EndGlobalSection
EndGlobal
