Microsoft Visual Studio Solution File, Format Version 12.00
# Visual Studio Version 17
VisualStudioVersion = 17.12.35527.113 d17.12
MinimumVisualStudioVersion = 10.0.40219.1
Project("{FAE04EC0-301F-11D3-BF4B-00C04F79EFBC}") = "PostTrade.Domain", "src\Core\PostTrade.Domain\PostTrade.Domain.csproj", "{CDD5F5C6-E0DC-46CA-8DEC-B8C54A94F081}"
EndProject
Project("{FAE04EC0-301F-11D3-BF4B-00C04F79EFBC}") = "PostTrade.Application", "src\Core\PostTrade.Application\PostTrade.Application.csproj", "{9848D86D-D519-4D4A-A0C2-DD6253BF198A}"
EndProject
Project("{FAE04EC0-301F-11D3-BF4B-00C04F79EFBC}") = "PostTrade.Infrastructure", "src\Infrastructure\PostTrade.Infrastructure\PostTrade.Infrastructure.csproj", "{ECFAC22B-5536-49C7-97A2-4D78D9BE982B}"
EndProject
Project("{FAE04EC0-301F-11D3-BF4B-00C04F79EFBC}") = "PostTrade.Persistence", "src\Infrastructure\PostTrade.Persistence\PostTrade.Persistence.csproj", "{21DA05BB-C543-4F5D-8164-D8840A6874BB}"
EndProject
Project("{FAE04EC0-301F-11D3-BF4B-00C04F79EFBC}") = "PostTrade.API", "src\Presentation\PostTrade.API\PostTrade.API.csproj", "{461DC5E0-4B2C-4A32-9F31-3D9D858CB934}"
EndProject
Global
	GlobalSection(SolutionConfigurationPlatforms) = preSolution
		Debug|Any CPU = Debug|Any CPU
		Release|Any CPU = Release|Any CPU
	EndGlobalSection
	GlobalSection(ProjectConfigurationPlatforms) = postSolution
		{CDD5F5C6-E0DC-46CA-8DEC-B8C54A94F081}.Debug|Any CPU.ActiveCfg = Debug|Any CPU
		{CDD5F5C6-E0DC-46CA-8DEC-B8C54A94F081}.Debug|Any CPU.Build.0 = Debug|Any CPU
		{CDD5F5C6-E0DC-46CA-8DEC-B8C54A94F081}.Release|Any CPU.ActiveCfg = Release|Any CPU
		{CDD5F5C6-E0DC-46CA-8DEC-B8C54A94F081}.Release|Any CPU.Build.0 = Release|Any CPU
		{9848D86D-D519-4D4A-A0C2-DD6253BF198A}.Debug|Any CPU.ActiveCfg = Debug|Any CPU
		{9848D86D-D519-4D4A-A0C2-DD6253BF198A}.Debug|Any CPU.Build.0 = Debug|Any CPU
		{9848D86D-D519-4D4A-A0C2-DD6253BF198A}.Release|Any CPU.ActiveCfg = Release|Any CPU
		{9848D86D-D519-4D4A-A0C2-DD6253BF198A}.Release|Any CPU.Build.0 = Release|Any CPU
		{ECFAC22B-5536-49C7-97A2-4D78D9BE982B}.Debug|Any CPU.ActiveCfg = Debug|Any CPU
		{ECFAC22B-5536-49C7-97A2-4D78D9BE982B}.Debug|Any CPU.Build.0 = Debug|Any CPU
		{ECFAC22B-5536-49C7-97A2-4D78D9BE982B}.Release|Any CPU.ActiveCfg = Release|Any CPU
		{ECFAC22B-5536-49C7-97A2-4D78D9BE982B}.Release|Any CPU.Build.0 = Release|Any CPU
		{21DA05BB-C543-4F5D-8164-D8840A6874BB}.Debug|Any CPU.ActiveCfg = Debug|Any CPU
		{21DA05BB-C543-4F5D-8164-D8840A6874BB}.Debug|Any CPU.Build.0 = Debug|Any CPU
		{21DA05BB-C543-4F5D-8164-D8840A6874BB}.Release|Any CPU.ActiveCfg = Release|Any CPU
		{21DA05BB-C543-4F5D-8164-D8840A6874BB}.Release|Any CPU.Build.0 = Release|Any CPU
		{461DC5E0-4B2C-4A32-9F31-3D9D858CB934}.Debug|Any CPU.ActiveCfg = Debug|Any CPU
		{461DC5E0-4B2C-4A32-9F31-3D9D858CB934}.Debug|Any CPU.Build.0 = Debug|Any CPU
		{461DC5E0-4B2C-4A32-9F31-3D9D858CB934}.Release|Any CPU.ActiveCfg = Release|Any CPU
		{461DC5E0-4B2C-4A32-9F31-3D9D858CB934}.Release|Any CPU.Build.0 = Release|Any CPU
	EndGlobalSection
	GlobalSection(SolutionProperties) = preSolution
		HideSolutionNode = FALSE
	EndGlobalSection
EndGlobal
